
Microsoft Visual Studio Solution File, Format Version 12.00
# Visual Studio 15
VisualStudioVersion = 15.0.27130.2003
MinimumVisualStudioVersion = 10.0.40219.1
Project("{FAE04EC0-301F-11D3-BF4B-00C04F79EFBC}") = "FFXIVMonReborn", "FFXIVMonReborn\FFXIVMonReborn.csproj", "{7F56C183-CFA0-47D1-9683-53C484465CB6}"
	ProjectSection(ProjectDependencies) = postProject
		{2681C607-A075-4070-BE13-34F0A395119E} = {2681C607-A075-4070-BE13-34F0A395119E}
		{26C5F25F-B450-4CAF-AD8B-B8D11AE73457} = {26C5F25F-B450-4CAF-AD8B-B8D11AE73457}
		{4303E4F0-4C90-44EB-90C2-691451FE49E7} = {4303E4F0-4C90-44EB-90C2-691451FE49E7}
	EndProjectSection
EndProject
Project("{FAE04EC0-301F-11D3-BF4B-00C04F79EFBC}") = "Machina", "lib\Machina\Machina\Machina.csproj", "{2681C607-A075-4070-BE13-34F0A395119E}"
EndProject
Project("{FAE04EC0-301F-11D3-BF4B-00C04F79EFBC}") = "Machina.FFXIV", "lib\Machina\Machina.FFXIV\Machina.FFXIV.csproj", "{4303E4F0-4C90-44EB-90C2-691451FE49E7}"
EndProject
Project("{FAE04EC0-301F-11D3-BF4B-00C04F79EFBC}") = "Be.Windows.Forms.HexBox", "lib\Be.HexEditor\sources\Be.Windows.Forms.HexBox\Be.Windows.Forms.HexBox.csproj", "{26C5F25F-B450-4CAF-AD8B-B8D11AE73457}"
EndProject
Global
	GlobalSection(SolutionConfigurationPlatforms) = preSolution
		Debug|Any CPU = Debug|Any CPU
		Release|Any CPU = Release|Any CPU
	EndGlobalSection
	GlobalSection(ProjectConfigurationPlatforms) = postSolution
		{7F56C183-CFA0-47D1-9683-53C484465CB6}.Debug|Any CPU.ActiveCfg = Debug|Any CPU
		{7F56C183-CFA0-47D1-9683-53C484465CB6}.Debug|Any CPU.Build.0 = Debug|Any CPU
		{7F56C183-CFA0-47D1-9683-53C484465CB6}.Release|Any CPU.ActiveCfg = Release|Any CPU
		{7F56C183-CFA0-47D1-9683-53C484465CB6}.Release|Any CPU.Build.0 = Release|Any CPU
		{2681C607-A075-4070-BE13-34F0A395119E}.Debug|Any CPU.ActiveCfg = Debug|Any CPU
		{2681C607-A075-4070-BE13-34F0A395119E}.Debug|Any CPU.Build.0 = Debug|Any CPU
		{2681C607-A075-4070-BE13-34F0A395119E}.Release|Any CPU.ActiveCfg = Release|Any CPU
		{2681C607-A075-4070-BE13-34F0A395119E}.Release|Any CPU.Build.0 = Release|Any CPU
		{4303E4F0-4C90-44EB-90C2-691451FE49E7}.Debug|Any CPU.ActiveCfg = Debug|Any CPU
		{4303E4F0-4C90-44EB-90C2-691451FE49E7}.Debug|Any CPU.Build.0 = Debug|Any CPU
		{4303E4F0-4C90-44EB-90C2-691451FE49E7}.Release|Any CPU.ActiveCfg = Release|Any CPU
		{4303E4F0-4C90-44EB-90C2-691451FE49E7}.Release|Any CPU.Build.0 = Release|Any CPU
		{26C5F25F-B450-4CAF-AD8B-B8D11AE73457}.Debug|Any CPU.ActiveCfg = Debug|Any CPU
		{26C5F25F-B450-4CAF-AD8B-B8D11AE73457}.Debug|Any CPU.Build.0 = Debug|Any CPU
		{26C5F25F-B450-4CAF-AD8B-B8D11AE73457}.Release|Any CPU.ActiveCfg = Release|Any CPU
		{26C5F25F-B450-4CAF-AD8B-B8D11AE73457}.Release|Any CPU.Build.0 = Release|Any CPU
	EndGlobalSection
	GlobalSection(SolutionProperties) = preSolution
		HideSolutionNode = FALSE
	EndGlobalSection
	GlobalSection(ExtensibilityGlobals) = postSolution
		SolutionGuid = {32027D8E-34F4-4C43-B95F-E185054324A3}
	EndGlobalSection
EndGlobal
